// !$*UTF8*$!
{
	archiveVersion = 1;
	classes = {
	};
	objectVersion = 46;
	objects = {

/* Begin PBXBuildFile section */
		276F621E1E4E61510029B4F3 /* AppDelegate.swift in Sources */ = {isa = PBXBuildFile; fileRef = 276F621D1E4E61510029B4F3 /* AppDelegate.swift */; };
		276F62201E4E61510029B4F3 /* ViewController.swift in Sources */ = {isa = PBXBuildFile; fileRef = 276F621F1E4E61510029B4F3 /* ViewController.swift */; };
		276F62231E4E61510029B4F3 /* Main.storyboard in Resources */ = {isa = PBXBuildFile; fileRef = 276F62211E4E61510029B4F3 /* Main.storyboard */; };
		276F62251E4E61510029B4F3 /* Assets.xcassets in Resources */ = {isa = PBXBuildFile; fileRef = 276F62241E4E61510029B4F3 /* Assets.xcassets */; };
		276F62281E4E61510029B4F3 /* LaunchScreen.storyboard in Resources */ = {isa = PBXBuildFile; fileRef = 276F62261E4E61510029B4F3 /* LaunchScreen.storyboard */; };
/* End PBXBuildFile section */

/* Begin PBXFileReference section */
		276F621A1E4E61510029B4F3 /* espressoV1.app */ = {isa = PBXFileReference; explicitFileType = wrapper.application; includeInIndex = 0; path = espressoV1.app; sourceTree = BUILT_PRODUCTS_DIR; };
		276F621D1E4E61510029B4F3 /* AppDelegate.swift */ = {isa = PBXFileReference; lastKnownFileType = sourcecode.swift; path = AppDelegate.swift; sourceTree = "<group>"; };
		276F621F1E4E61510029B4F3 /* ViewController.swift */ = {isa = PBXFileReference; lastKnownFileType = sourcecode.swift; path = ViewController.swift; sourceTree = "<group>"; };
		276F62221E4E61510029B4F3 /* Base */ = {isa = PBXFileReference; lastKnownFileType = file.storyboard; name = Base; path = Base.lproj/Main.storyboard; sourceTree = "<group>"; };
		276F62241E4E61510029B4F3 /* Assets.xcassets */ = {isa = PBXFileReference; lastKnownFileType = folder.assetcatalog; path = Assets.xcassets; sourceTree = "<group>"; };
		276F62271E4E61510029B4F3 /* Base */ = {isa = PBXFileReference; lastKnownFileType = file.storyboard; name = Base; path = Base.lproj/LaunchScreen.storyboard; sourceTree = "<group>"; };
		276F62291E4E61510029B4F3 /* Info.plist */ = {isa = PBXFileReference; lastKnownFileType = text.plist.xml; path = Info.plist; sourceTree = "<group>"; };
/* End PBXFileReference section */

/* Begin PBXFrameworksBuildPhase section */
		276F62171E4E61510029B4F3 /* Frameworks */ = {
			isa = PBXFrameworksBuildPhase;
			buildActionMask = 2147483647;
			files = (
			);
			runOnlyForDeploymentPostprocessing = 0;
		};
/* End PBXFrameworksBuildPhase section */

/* Begin PBXGroup section */
		276F62111E4E61510029B4F3 = {
			isa = PBXGroup;
			children = (
				276F621C1E4E61510029B4F3 /* espressoV1 */,
				276F621B1E4E61510029B4F3 /* Products */,
			);
			sourceTree = "<group>";
		};
		276F621B1E4E61510029B4F3 /* Products */ = {
			isa = PBXGroup;
			children = (
				276F621A1E4E61510029B4F3 /* espressoV1.app */,
			);
			name = Products;
			sourceTree = "<group>";
		};
		276F621C1E4E61510029B4F3 /* espressoV1 */ = {
			isa = PBXGroup;
			children = (
				276F621D1E4E61510029B4F3 /* AppDelegate.swift */,
				276F621F1E4E61510029B4F3 /* ViewController.swift */,
				276F62211E4E61510029B4F3 /* Main.storyboard */,
				276F62241E4E61510029B4F3 /* Assets.xcassets */,
				276F62261E4E61510029B4F3 /* LaunchScreen.storyboard */,
				276F62291E4E61510029B4F3 /* Info.plist */,
			);
			path = espressoV1;
			sourceTree = "<group>";
		};
/* End PBXGroup section */

/* Begin PBXNativeTarget section */
		276F62191E4E61510029B4F3 /* espressoV1 */ = {
			isa = PBXNativeTarget;
			buildConfigurationList = 276F622C1E4E61510029B4F3 /* Build configuration list for PBXNativeTarget "espressoV1" */;
			buildPhases = (
				276F62161E4E61510029B4F3 /* Sources */,
				276F62171E4E61510029B4F3 /* Frameworks */,
				276F62181E4E61510029B4F3 /* Resources */,
			);
			buildRules = (
			);
			dependencies = (
			);
			name = espressoV1;
			productName = espressoV1;
			productReference = 276F621A1E4E61510029B4F3 /* espressoV1.app */;
			productType = "com.apple.product-type.application";
		};
/* End PBXNativeTarget section */

/* Begin PBXProject section */
		276F62121E4E61510029B4F3 /* Project object */ = {
			isa = PBXProject;
			attributes = {
				LastSwiftUpdateCheck = 0810;
				LastUpgradeCheck = 0810;
				ORGANIZATIONNAME = GoodGood;
				TargetAttributes = {
					276F62191E4E61510029B4F3 = {
						CreatedOnToolsVersion = 8.1;
						ProvisioningStyle = Automatic;
					};
				};
			};
			buildConfigurationList = 276F62151E4E61510029B4F3 /* Build configuration list for PBXProject "espressoV1" */;
			compatibilityVersion = "Xcode 3.2";
			developmentRegion = English;
			hasScannedForEncodings = 0;
			knownRegions = (
				en,
				Base,
			);
			mainGroup = 276F62111E4E61510029B4F3;
			productRefGroup = 276F621B1E4E61510029B4F3 /* Products */;
			projectDirPath = "";
			projectRoot = "";
			targets = (
				276F62191E4E61510029B4F3 /* espressoV1 */,
			);
		};
/* End PBXProject section */

/* Begin PBXResourcesBuildPhase section */
		276F62181E4E61510029B4F3 /* Resources */ = {
			isa = PBXResourcesBuildPhase;
			buildActionMask = 2147483647;
			files = (
				276F62281E4E61510029B4F3 /* LaunchScreen.storyboard in Resources */,
				276F62251E4E61510029B4F3 /* Assets.xcassets in Resources */,
				276F62231E4E61510029B4F3 /* Main.storyboard in Resources */,
			);
			runOnlyForDeploymentPostprocessing = 0;
		};
/* End PBXResourcesBuildPhase section */

/* Begin PBXSourcesBuildPhase section */
		276F62161E4E61510029B4F3 /* Sources */ = {
			isa = PBXSourcesBuildPhase;
			buildActionMask = 2147483647;
			files = (
				276F62201E4E61510029B4F3 /* ViewController.swift in Sources */,
				276F621E1E4E61510029B4F3 /* AppDelegate.swift in Sources */,
			);
			runOnlyForDeploymentPostprocessing = 0;
		};
/* End PBXSourcesBuildPhase section */

/* Begin PBXVariantGroup section */
		276F62211E4E61510029B4F3 /* Main.storyboard */ = {
			isa = PBXVariantGroup;
			children = (
				276F62221E4E61510029B4F3 /* Base */,
			);
			name = Main.storyboard;
			sourceTree = "<group>";
		};
		276F62261E4E61510029B4F3 /* LaunchScreen.storyboard */ = {
			isa = PBXVariantGroup;
			children = (
				276F62271E4E61510029B4F3 /* Base */,
			);
			name = LaunchScreen.storyboard;
			sourceTree = "<group>";
		};
/* End PBXVariantGroup section */

/* Begin XCBuildConfiguration section */
		276F622A1E4E61510029B4F3 /* Debug */ = {
			isa = XCBuildConfiguration;
			buildSettings = {
				ALWAYS_SEARCH_USER_PATHS = NO;
				CLANG_ANALYZER_NONNULL = YES;
				CLANG_CXX_LANGUAGE_STANDARD = "gnu++0x";
				CLANG_CXX_LIBRARY = "libc++";
				CLANG_ENABLE_MODULES = YES;
				CLANG_ENABLE_OBJC_ARC = YES;
				CLANG_WARN_BOOL_CONVERSION = YES;
				CLANG_WARN_CONSTANT_CONVERSION = YES;
				CLANG_WARN_DIRECT_OBJC_ISA_USAGE = YES_ERROR;
				CLANG_WARN_DOCUMENTATION_COMMENTS = YES;
				CLANG_WARN_EMPTY_BODY = YES;
				CLANG_WARN_ENUM_CONVERSION = YES;
				CLANG_WARN_INFINITE_RECURSION = YES;
				CLANG_WARN_INT_CONVERSION = YES;
				CLANG_WARN_OBJC_ROOT_CLASS = YES_ERROR;
				CLANG_WARN_SUSPICIOUS_MOVES = YES;
				CLANG_WARN_UNREACHABLE_CODE = YES;
				CLANG_WARN__DUPLICATE_METHOD_MATCH = YES;
				"CODE_SIGN_IDENTITY[sdk=iphoneos*]" = "iPhone Developer";
				COPY_PHASE_STRIP = NO;
				DEBUG_INFORMATION_FORMAT = dwarf;
				ENABLE_STRICT_OBJC_MSGSEND = YES;
				ENABLE_TESTABILITY = YES;
				GCC_C_LANGUAGE_STANDARD = gnu99;
				GCC_DYNAMIC_NO_PIC = NO;
				GCC_NO_COMMON_BLOCKS = YES;
				GCC_OPTIMIZATION_LEVEL = 0;
				GCC_PREPROCESSOR_DEFINITIONS = (
					"DEBUG=1",
					"$(inherited)",
				);
				GCC_WARN_64_TO_32_BIT_CONVERSION = YES;
				GCC_WARN_ABOUT_RETURN_TYPE = YES_ERROR;
				GCC_WARN_UNDECLARED_SELECTOR = YES;
				GCC_WARN_UNINITIALIZED_AUTOS = YES_AGGRESSIVE;
				GCC_WARN_UNUSED_FUNCTION = YES;
				GCC_WARN_UNUSED_VARIABLE = YES;
				IPHONEOS_DEPLOYMENT_TARGET = 10.1;
				MTL_ENABLE_DEBUG_INFO = YES;
				ONLY_ACTIVE_ARCH = YES;
				SDKROOT = iphoneos;
				SWIFT_ACTIVE_COMPILATION_CONDITIONS = DEBUG;
				SWIFT_OPTIMIZATION_LEVEL = "-Onone";
			};
			name = Debug;
		};
		276F622B1E4E61510029B4F3 /* Release */ = {
			isa = XCBuildConfiguration;
			buildSettings = {
				ALWAYS_SEARCH_USER_PATHS = NO;
				CLANG_ANALYZER_NONNULL = YES;
				CLANG_CXX_LANGUAGE_STANDARD = "gnu++0x";
				CLANG_CXX_LIBRARY = "libc++";
				CLANG_ENABLE_MODULES = YES;
				CLANG_ENABLE_OBJC_ARC = YES;
				CLANG_WARN_BOOL_CONVERSION = YES;
				CLANG_WARN_CONSTANT_CONVERSION = YES;
				CLANG_WARN_DIRECT_OBJC_ISA_USAGE = YES_ERROR;
				CLANG_WARN_DOCUMENTATION_COMMENTS = YES;
				CLANG_WARN_EMPTY_BODY = YES;
				CLANG_WARN_ENUM_CONVERSION = YES;
				CLANG_WARN_INFINITE_RECURSION = YES;
				CLANG_WARN_INT_CONVERSION = YES;
				CLANG_WARN_OBJC_ROOT_CLASS = YES_ERROR;
				CLANG_WARN_SUSPICIOUS_MOVES = YES;
				CLANG_WARN_UNREACHABLE_CODE = YES;
				CLANG_WARN__DUPLICATE_METHOD_MATCH = YES;
				"CODE_SIGN_IDENTITY[sdk=iphoneos*]" = "iPhone Developer";
				COPY_PHASE_STRIP = NO;
				DEBUG_INFORMATION_FORMAT = "dwarf-with-dsym";
				ENABLE_NS_ASSERTIONS = NO;
				ENABLE_STRICT_OBJC_MSGSEND = YES;
				GCC_C_LANGUAGE_STANDARD = gnu99;
				GCC_NO_COMMON_BLOCKS = YES;
				GCC_WARN_64_TO_32_BIT_CONVERSION = YES;
				GCC_WARN_ABOUT_RETURN_TYPE = YES_ERROR;
				GCC_WARN_UNDECLARED_SELECTOR = YES;
				GCC_WARN_UNINITIALIZED_AUTOS = YES_AGGRESSIVE;
				GCC_WARN_UNUSED_FUNCTION = YES;
				GCC_WARN_UNUSED_VARIABLE = YES;
				IPHONEOS_DEPLOYMENT_TARGET = 10.1;
				MTL_ENABLE_DEBUG_INFO = NO;
				SDKROOT = iphoneos;
				SWIFT_OPTIMIZATION_LEVEL = "-Owholemodule";
				VALIDATE_PRODUCT = YES;
			};
			name = Release;
		};
		276F622D1E4E61510029B4F3 /* Debug */ = {
			isa = XCBuildConfiguration;
			buildSettings = {
				ASSETCATALOG_COMPILER_APPICON_NAME = AppIcon;
				INFOPLIST_FILE = espressoV1/Info.plist;
				LD_RUNPATH_SEARCH_PATHS = "$(inherited) @executable_path/Frameworks";
				PRODUCT_BUNDLE_IDENTIFIER = goodgood.espressoV1;
				PRODUCT_NAME = "$(TARGET_NAME)";
				SWIFT_VERSION = 3.0;
			};
			name = Debug;
		};
		276F622E1E4E61510029B4F3 /* Release */ = {
			isa = XCBuildConfiguration;
			buildSettings = {
				ASSETCATALOG_COMPILER_APPICON_NAME = AppIcon;
				INFOPLIST_FILE = espressoV1/Info.plist;
				LD_RUNPATH_SEARCH_PATHS = "$(inherited) @executable_path/Frameworks";
				PRODUCT_BUNDLE_IDENTIFIER = goodgood.espressoV1;
				PRODUCT_NAME = "$(TARGET_NAME)";
				SWIFT_VERSION = 3.0;
			};
			name = Release;
		};
/* End XCBuildConfiguration section */

/* Begin XCConfigurationList section */
		276F62151E4E61510029B4F3 /* Build configuration list for PBXProject "espressoV1" */ = {
			isa = XCConfigurationList;
			buildConfigurations = (
				276F622A1E4E61510029B4F3 /* Debug */,
				276F622B1E4E61510029B4F3 /* Release */,
			);
			defaultConfigurationIsVisible = 0;
			defaultConfigurationName = Release;
		};
		276F622C1E4E61510029B4F3 /* Build configuration list for PBXNativeTarget "espressoV1" */ = {
			isa = XCConfigurationList;
			buildConfigurations = (
				276F622D1E4E61510029B4F3 /* Debug */,
				276F622E1E4E61510029B4F3 /* Release */,
			);
			defaultConfigurationIsVisible = 0;
		};
/* End XCConfigurationList section */
	};
	rootObject = 276F62121E4E61510029B4F3 /* Project object */;
}
